
Microsoft Visual Studio Solution File, Format Version 12.00
# Visual Studio Version 17
VisualStudioVersion = 17.0.31903.59
MinimumVisualStudioVersion = 10.0.40219.1
Project("{FAE04EC0-301F-11D3-BF4B-00C04F79EFBC}") = "ToDo.Api", "ToDo.Api\ToDo.Api.csproj", "{1884D659-DBB3-42AB-82DD-8CEC99C37331}"
EndProject
Project("{FAE04EC0-301F-11D3-BF4B-00C04F79EFBC}") = "ToDo.Domain", "ToDo.Domain\ToDo.Domain.csproj", "{975F2599-F68C-4CE5-B79F-7AFF13181B27}"
EndProject
Project("{FAE04EC0-301F-11D3-BF4B-00C04F79EFBC}") = "ToDo.Application", "ToDo.Application\ToDo.Application.csproj", "{E11BA31C-9FA5-41BF-83C9-697A08C62C5C}"
EndProject
Project("{FAE04EC0-301F-11D3-BF4B-00C04F79EFBC}") = "ToDo.Infrastructure", "ToDo.Infrastructure\ToDo.Infrastructure.csproj", "{C44BAC41-230A-4AF9-A2C8-AA0A507EADCE}"
EndProject
Project("{FAE04EC0-301F-11D3-BF4B-00C04F79EFBC}") = "ToDo.WebClient", "ToDo.WebClient\ToDo.WebClient.csproj", "{3131CA57-1A83-4307-A4E2-419B2846632F}"
EndProject
Project("{FAE04EC0-301F-11D3-BF4B-00C04F79EFBC}") = "ToDo.Tests", "ToDo.Tests\ToDo.Tests.csproj", "{7B1B3D44-9180-4F89-AE9C-802152CA4C6E}"
EndProject
Project("{FAE04EC0-301F-11D3-BF4B-00C04F79EFBC}") = "ToDo.Core", "ToDo.Core\ToDo.Core.csproj", "{4E00D26F-7C2F-488B-89F1-6A2034130D62}"
EndProject
Global
	GlobalSection(SolutionConfigurationPlatforms) = preSolution
		Debug|Any CPU = Debug|Any CPU
		Release|Any CPU = Release|Any CPU
	EndGlobalSection
	GlobalSection(SolutionProperties) = preSolution
		HideSolutionNode = FALSE
	EndGlobalSection
	GlobalSection(ProjectConfigurationPlatforms) = postSolution
		{1884D659-DBB3-42AB-82DD-8CEC99C37331}.Debug|Any CPU.ActiveCfg = Debug|Any CPU
		{1884D659-DBB3-42AB-82DD-8CEC99C37331}.Debug|Any CPU.Build.0 = Debug|Any CPU
		{1884D659-DBB3-42AB-82DD-8CEC99C37331}.Release|Any CPU.ActiveCfg = Release|Any CPU
		{1884D659-DBB3-42AB-82DD-8CEC99C37331}.Release|Any CPU.Build.0 = Release|Any CPU
		{975F2599-F68C-4CE5-B79F-7AFF13181B27}.Debug|Any CPU.ActiveCfg = Debug|Any CPU
		{975F2599-F68C-4CE5-B79F-7AFF13181B27}.Debug|Any CPU.Build.0 = Debug|Any CPU
		{975F2599-F68C-4CE5-B79F-7AFF13181B27}.Release|Any CPU.ActiveCfg = Release|Any CPU
		{975F2599-F68C-4CE5-B79F-7AFF13181B27}.Release|Any CPU.Build.0 = Release|Any CPU
		{E11BA31C-9FA5-41BF-83C9-697A08C62C5C}.Debug|Any CPU.ActiveCfg = Debug|Any CPU
		{E11BA31C-9FA5-41BF-83C9-697A08C62C5C}.Debug|Any CPU.Build.0 = Debug|Any CPU
		{E11BA31C-9FA5-41BF-83C9-697A08C62C5C}.Release|Any CPU.ActiveCfg = Release|Any CPU
		{E11BA31C-9FA5-41BF-83C9-697A08C62C5C}.Release|Any CPU.Build.0 = Release|Any CPU
		{C44BAC41-230A-4AF9-A2C8-AA0A507EADCE}.Debug|Any CPU.ActiveCfg = Debug|Any CPU
		{C44BAC41-230A-4AF9-A2C8-AA0A507EADCE}.Debug|Any CPU.Build.0 = Debug|Any CPU
		{C44BAC41-230A-4AF9-A2C8-AA0A507EADCE}.Release|Any CPU.ActiveCfg = Release|Any CPU
		{C44BAC41-230A-4AF9-A2C8-AA0A507EADCE}.Release|Any CPU.Build.0 = Release|Any CPU
		{3131CA57-1A83-4307-A4E2-419B2846632F}.Debug|Any CPU.ActiveCfg = Debug|Any CPU
		{3131CA57-1A83-4307-A4E2-419B2846632F}.Debug|Any CPU.Build.0 = Debug|Any CPU
		{3131CA57-1A83-4307-A4E2-419B2846632F}.Release|Any CPU.ActiveCfg = Release|Any CPU
		{3131CA57-1A83-4307-A4E2-419B2846632F}.Release|Any CPU.Build.0 = Release|Any CPU
		{7B1B3D44-9180-4F89-AE9C-802152CA4C6E}.Debug|Any CPU.ActiveCfg = Debug|Any CPU
		{7B1B3D44-9180-4F89-AE9C-802152CA4C6E}.Debug|Any CPU.Build.0 = Debug|Any CPU
		{7B1B3D44-9180-4F89-AE9C-802152CA4C6E}.Release|Any CPU.ActiveCfg = Release|Any CPU
		{7B1B3D44-9180-4F89-AE9C-802152CA4C6E}.Release|Any CPU.Build.0 = Release|Any CPU
		{4E00D26F-7C2F-488B-89F1-6A2034130D62}.Debug|Any CPU.ActiveCfg = Debug|Any CPU
		{4E00D26F-7C2F-488B-89F1-6A2034130D62}.Debug|Any CPU.Build.0 = Debug|Any CPU
		{4E00D26F-7C2F-488B-89F1-6A2034130D62}.Release|Any CPU.ActiveCfg = Release|Any CPU
		{4E00D26F-7C2F-488B-89F1-6A2034130D62}.Release|Any CPU.Build.0 = Release|Any CPU
	EndGlobalSection
EndGlobal
